github.com/lixenwraith/config v0.1.1-0.20260929051144-5132718bd627 h1:PkSnFbvJWaf7cl4txDwglYFreet0QJypBD2XNOo5cc4=
github.com/lixenwraith/config v0.1.1-0.20260929051144-5132718bd627/go.mod h1:yfJQwKS+/6Dg70GIoHeYc0eYztOPETpqe6nUIbakcyg=
github.com/lixenwraith/log v0.1.1-0.20260926182514-9ad925351aa1 h1:fdVY7Jbg+GR61BA6zlvX4N2RFtgzCvSuWeOscicTb8I=
github.com/lixenwraith/log v0.1.1-0.20260926182514-9ad925351aa1/go.mod h1:EE8i5nSAW2yZBTytKuhdgehmgzrby6kW1k5DyH1SvBg=
github.com/lixenwraith/toml v0.0.0-20260928180512-b59d068ff6a4 h1:9qZU0iBIsqintDh39vieio0ygLiRrPmCEo6Ra45EQyY=
github.com/lixenwraith/toml v0.0.0-20260928180512-b59d068ff6a4/go.mod h1:itcT/Vt5mwmX9KVGCMsWZr6vbU/JgZ24wV/I0J5cMt0=
